
Microsoft Visual Studio Solution File, Format Version 12.00
# Visual Studio 15
VisualStudioVersion = 15.0.28307.168
MinimumVisualStudioVersion = 10.0.40219.1
Project("{FAE04EC0-301F-11D3-BF4B-00C04F79EFBC}") = "RfidProgrammer", "RfidProgrammer.csproj", "{4F95F5A6-DC3A-4303-A4F2-9F367701BD15}"
EndProject
Global
	GlobalSection(SolutionConfigurationPlatforms) = preSolution
		Debug|Any CPU = Debug|Any CPU
		Release|Any CPU = Release|Any CPU
	EndGlobalSection
	GlobalSection(ProjectConfigurationPlatforms) = postSolution
		{4F95F5A6-DC3A-4303-A4F2-9F367701BD15}.Debug|Any CPU.ActiveCfg = Debug|Any CPU
		{4F95F5A6-DC3A-4303-A4F2-9F367701BD15}.Debug|Any CPU.Build.0 = Debug|Any CPU
		{4F95F5A6-DC3A-4303-A4F2-9F367701BD15}.Release|Any CPU.ActiveCfg = Release|Any CPU
		{4F95F5A6-DC3A-4303-A4F2-9F367701BD15}.Release|Any CPU.Build.0 = Release|Any CPU
	EndGlobalSection
	GlobalSection(SolutionProperties) = preSolution
		HideSolutionNode = FALSE
	EndGlobalSection
	GlobalSection(ExtensibilityGlobals) = postSolution
		SolutionGuid = {DED5E899-8A15-40FB-B124-EFBD95AA477C}
	EndGlobalSection
EndGlobal
